github.com/google/uuid v1.1.1 h1:Gkbcsh/GbpXz7lPftLA3P6TYMwjCLYm83jiFQZF/3gY=
github.com/google/uuid v1.1.1/go.mod h1:TIyPZe4MgqvfeYDBFedMoGGpEw/LqOeaOT+nhxU+yHo=
github.com/hellflame/argparse v1.11.0 h1:kyGSAAdRyI8KOEemzDwZ3OO2rbNfSMEa7dbPGlTp9Dk=
github.com/hellflame/argparse v1.11.0/go.mod h1:nOtOQAtkWh6u5msq6huJxZtjb+Yg9VeN0e7vRuBS49E=
github.com/joho/godotenv v1.5.1 h1:7eLL/+HRGLY0ldzfGMeQkb7vMd0as4CfYvUVzLqw0N0=
github.com/joho/godotenv v1.5.1/go.mod h1:f4LDr5Voq0i2e/R5DDNOoa2zzDfwtkZa6DnEwAbqwq4=
github.com/microsoft/azure-devops-go-api/azuredevops/v7 v7.1.0 h1:mmJCWLe63QvybxhW1iBmQWEaCKdc4SKgALfTNZ+OphU=
github.com/microsoft/azure-devops-go-api/azuredevops/v7 v7.1.0/go.mod h1:mDunUZ1IUJdJIRHvFb+LPBUtxe3AYB5MI6BMXNg8194=
golang.org/x/exp v0.0.0-20230817173708-d852ddb80c63 h1:m64FZMko/V45gv0bNmrNYoDEq8U5YUhetc9cBWKS1TQ=
golang.org/x/exp v0.0.0-20230817173708-d852ddb80c63/go.mod h1:0v4NqG35kSWCMzLaMeX+IQrlSnVE/bqGSyC2cz/9Le8=
